
Microsoft Visual Studio Solution File, Format Version 12.00
# Visual Studio Version 16
VisualStudioVersion = 16.0.31105.61
MinimumVisualStudioVersion = 10.0.40219.1
Project("{FAE04EC0-301F-11D3-BF4B-00C04F79EFBC}") = "GoF", "GoF.csproj", "{6E1B89D7-744D-49F3-8A96-8D8AFA6C89CF}"
EndProject
Project("{2150E333-8FDC-42A3-9474-1A3956D46DE8}") = "Creational", "Creational", "{EB4F8DD9-3A8B-4D3C-BFDB-0873AB748F72}"
	ProjectSection(SolutionItems) = preProject
		Creational\README.md = Creational\README.md
	EndProjectSection
EndProject
Project("{2150E333-8FDC-42A3-9474-1A3956D46DE8}") = "Behavioral", "Behavioral", "{DF11ADA1-0A0C-4749-84C8-E632E9E53F60}"
EndProject
Project("{2150E333-8FDC-42A3-9474-1A3956D46DE8}") = "Structural", "Structural", "{DC0FA342-8CD1-436A-B4BE-DAF7AC168904}"
EndProject
Project("{FAE04EC0-301F-11D3-BF4B-00C04F79EFBC}") = "Singleton", "Creational\Singleton\Singleton.csproj", "{0B0E6B86-754B-41D1-9332-CE87691C2CC6}"
EndProject
Project("{FAE04EC0-301F-11D3-BF4B-00C04F79EFBC}") = "Mediator", "Behavioral\Mediator\Mediator.csproj", "{4724B328-CEF3-4D75-9906-A6A5F841AFC8}"
EndProject
Project("{FAE04EC0-301F-11D3-BF4B-00C04F79EFBC}") = "Facade", "Structural\Facade\Facade.csproj", "{FDBCB485-99A2-40FA-B8DD-8932F1218BFE}"
EndProject
Global
	GlobalSection(SolutionConfigurationPlatforms) = preSolution
		Debug|Any CPU = Debug|Any CPU
		Release|Any CPU = Release|Any CPU
	EndGlobalSection
	GlobalSection(ProjectConfigurationPlatforms) = postSolution
		{6E1B89D7-744D-49F3-8A96-8D8AFA6C89CF}.Debug|Any CPU.ActiveCfg = Debug|Any CPU
		{6E1B89D7-744D-49F3-8A96-8D8AFA6C89CF}.Debug|Any CPU.Build.0 = Debug|Any CPU
		{6E1B89D7-744D-49F3-8A96-8D8AFA6C89CF}.Release|Any CPU.ActiveCfg = Release|Any CPU
		{6E1B89D7-744D-49F3-8A96-8D8AFA6C89CF}.Release|Any CPU.Build.0 = Release|Any CPU
		{0B0E6B86-754B-41D1-9332-CE87691C2CC6}.Debug|Any CPU.ActiveCfg = Debug|Any CPU
		{0B0E6B86-754B-41D1-9332-CE87691C2CC6}.Debug|Any CPU.Build.0 = Debug|Any CPU
		{0B0E6B86-754B-41D1-9332-CE87691C2CC6}.Release|Any CPU.ActiveCfg = Release|Any CPU
		{0B0E6B86-754B-41D1-9332-CE87691C2CC6}.Release|Any CPU.Build.0 = Release|Any CPU
		{4724B328-CEF3-4D75-9906-A6A5F841AFC8}.Debug|Any CPU.ActiveCfg = Debug|Any CPU
		{4724B328-CEF3-4D75-9906-A6A5F841AFC8}.Debug|Any CPU.Build.0 = Debug|Any CPU
		{4724B328-CEF3-4D75-9906-A6A5F841AFC8}.Release|Any CPU.ActiveCfg = Release|Any CPU
		{4724B328-CEF3-4D75-9906-A6A5F841AFC8}.Release|Any CPU.Build.0 = Release|Any CPU
		{FDBCB485-99A2-40FA-B8DD-8932F1218BFE}.Debug|Any CPU.ActiveCfg = Debug|Any CPU
		{FDBCB485-99A2-40FA-B8DD-8932F1218BFE}.Debug|Any CPU.Build.0 = Debug|Any CPU
		{FDBCB485-99A2-40FA-B8DD-8932F1218BFE}.Release|Any CPU.ActiveCfg = Release|Any CPU
		{FDBCB485-99A2-40FA-B8DD-8932F1218BFE}.Release|Any CPU.Build.0 = Release|Any CPU
	EndGlobalSection
	GlobalSection(SolutionProperties) = preSolution
		HideSolutionNode = FALSE
	EndGlobalSection
	GlobalSection(NestedProjects) = preSolution
		{0B0E6B86-754B-41D1-9332-CE87691C2CC6} = {EB4F8DD9-3A8B-4D3C-BFDB-0873AB748F72}
		{4724B328-CEF3-4D75-9906-A6A5F841AFC8} = {DF11ADA1-0A0C-4749-84C8-E632E9E53F60}
		{FDBCB485-99A2-40FA-B8DD-8932F1218BFE} = {DC0FA342-8CD1-436A-B4BE-DAF7AC168904}
	EndGlobalSection
	GlobalSection(ExtensibilityGlobals) = postSolution
		SolutionGuid = {00B2D8FC-6A90-46CE-AE1F-0695301ECE67}
	EndGlobalSection
EndGlobal
