
Microsoft Visual Studio Solution File, Format Version 12.00
# Visual Studio Version 16
VisualStudioVersion = 16.0.31105.61
MinimumVisualStudioVersion = 10.0.40219.1
Project("{9A19103F-16F7-4668-BE54-9A1E7A4F7556}") = "GoF", "GoF.csproj", "{6E1B89D7-744D-49F3-8A96-8D8AFA6C89CF}"
EndProject
Project("{9A19103F-16F7-4668-BE54-9A1E7A4F7556}") = "Mediator_Exemplo1", "..\Behavioral\Mediator\Mediator_Exemplo1\Mediator_Exemplo1.csproj", "{B973B434-FD06-4B4F-A33A-C456B29BB1FD}"
EndProject
Project("{9A19103F-16F7-4668-BE54-9A1E7A4F7556}") = "Singleton_Exemplo1", "..\Creational\Singleton\Singleton_Exemplo1\Singleton_Exemplo1.csproj", "{DDC40541-2A4A-4D25-B7BE-7DF01A4E54F1}"
EndProject
Project("{9A19103F-16F7-4668-BE54-9A1E7A4F7556}") = "Facade_Exemplo1", "..\Structural\Facade\Facade_Exemplo1\Facade_Exemplo1.csproj", "{D8EB5916-79B5-461C-9059-47249E7763E9}"
EndProject
Project("{2150E333-8FDC-42A3-9474-1A3956D46DE8}") = "Creational", "Creational", "{7228BAB4-5DDD-4702-90C0-12FA4AE46500}"
EndProject
Project("{2150E333-8FDC-42A3-9474-1A3956D46DE8}") = "Behavioral", "Behavioral", "{DA85436B-9010-4957-ACEC-ADC69374D4BB}"
EndProject
Project("{2150E333-8FDC-42A3-9474-1A3956D46DE8}") = "Structural", "Structural", "{E8022DEE-210C-418E-9217-E462F447326E}"
EndProject
Project("{9A19103F-16F7-4668-BE54-9A1E7A4F7556}") = "Mediator_Exemplo2", "..\Behavioral\Mediator\Mediator_Exemplo2\Mediator_Exemplo2.csproj", "{C4CA08F7-531A-413D-832A-370FADA776D3}"
EndProject
Project("{9A19103F-16F7-4668-BE54-9A1E7A4F7556}") = "Exemplo2_SemMediator", "..\Behavioral\Mediator\Exemplo2_SemMediator\Exemplo2_SemMediator.csproj", "{5824A197-A6ED-44BD-9540-0BB2C1323F1D}"
EndProject
Project("{9A19103F-16F7-4668-BE54-9A1E7A4F7556}") = "FactoryMethod_Exemplo1", "..\Creational\FactoryMethod\FactoryMethod_Exemplo1\FactoryMethod_Exemplo1.csproj", "{BB7EBDAE-0A78-454C-8BC6-0F60CA639D84}"
EndProject
Project("{2150E333-8FDC-42A3-9474-1A3956D46DE8}") = "Mediator", "Mediator", "{70A485A1-FDE8-493C-9455-6AA18B8FCB36}"
	ProjectSection(SolutionItems) = preProject
		..\Behavioral\Mediator\README.md = ..\Behavioral\Mediator\README.md
	EndProjectSection
EndProject
Project("{2150E333-8FDC-42A3-9474-1A3956D46DE8}") = "FactoryMethod", "FactoryMethod", "{9A8FDC89-80B9-499F-897C-B6202622EC55}"
	ProjectSection(SolutionItems) = preProject
		..\Creational\FactoryMethod\README.md = ..\Creational\FactoryMethod\README.md
	EndProjectSection
EndProject
Project("{9A19103F-16F7-4668-BE54-9A1E7A4F7556}") = "FactoryMethod_Exemplo2", "..\Creational\FactoryMethod\FactoryMethod_Exemplo2\FactoryMethod_Exemplo2.csproj", "{2A62754B-AB19-4EAD-940D-90E22B135AFF}"
EndProject
Project("{2150E333-8FDC-42A3-9474-1A3956D46DE8}") = "Singleton", "Singleton", "{BBE57213-F597-4190-B0D9-7B3785A1CD1E}"
	ProjectSection(SolutionItems) = preProject
		..\Creational\Singleton\README.md = ..\Creational\Singleton\README.md
	EndProjectSection
EndProject
Project("{2150E333-8FDC-42A3-9474-1A3956D46DE8}") = "Facade", "Facade", "{E7E97CAC-0581-4E45-8208-EB3697E59556}"
	ProjectSection(SolutionItems) = preProject
		..\Structural\Facade\README.md = ..\Structural\Facade\README.md
	EndProjectSection
EndProject
Project("{2150E333-8FDC-42A3-9474-1A3956D46DE8}") = "AbstractFactory", "AbstractFactory", "{994BB42F-481C-4CEA-96BD-B91DE9C6CB82}"
	ProjectSection(SolutionItems) = preProject
		..\Creational\AbstractFactory\README.md = ..\Creational\AbstractFactory\README.md
	EndProjectSection
EndProject
Project("{9A19103F-16F7-4668-BE54-9A1E7A4F7556}") = "AbstractFactory_Exemplo1", "..\Creational\AbstractFactory\AbstractFactory_Exemplo1\AbstractFactory_Exemplo1.csproj", "{973B9E66-A32D-4096-B32A-53BA2FD6199F}"
EndProject
Project("{2150E333-8FDC-42A3-9474-1A3956D46DE8}") = "Builder", "Builder", "{6F1649AC-7304-4040-BD93-12E1D4CC1991}"
EndProject
Project("{FAE04EC0-301F-11D3-BF4B-00C04F79EFBC}") = "Builder_Exemplo1", "..\Creational\Builder\Builder_Exemplo1\Builder_Exemplo1.csproj", "{ECD213D5-E6EF-4B2E-98D7-C7861A143B40}"
EndProject
Global
	GlobalSection(SolutionConfigurationPlatforms) = preSolution
		Debug|Any CPU = Debug|Any CPU
		Release|Any CPU = Release|Any CPU
	EndGlobalSection
	GlobalSection(ProjectConfigurationPlatforms) = postSolution
		{6E1B89D7-744D-49F3-8A96-8D8AFA6C89CF}.Debug|Any CPU.ActiveCfg = Debug|Any CPU
		{6E1B89D7-744D-49F3-8A96-8D8AFA6C89CF}.Debug|Any CPU.Build.0 = Debug|Any CPU
		{6E1B89D7-744D-49F3-8A96-8D8AFA6C89CF}.Release|Any CPU.ActiveCfg = Release|Any CPU
		{6E1B89D7-744D-49F3-8A96-8D8AFA6C89CF}.Release|Any CPU.Build.0 = Release|Any CPU
		{B973B434-FD06-4B4F-A33A-C456B29BB1FD}.Debug|Any CPU.ActiveCfg = Debug|Any CPU
		{B973B434-FD06-4B4F-A33A-C456B29BB1FD}.Debug|Any CPU.Build.0 = Debug|Any CPU
		{B973B434-FD06-4B4F-A33A-C456B29BB1FD}.Release|Any CPU.ActiveCfg = Release|Any CPU
		{B973B434-FD06-4B4F-A33A-C456B29BB1FD}.Release|Any CPU.Build.0 = Release|Any CPU
		{DDC40541-2A4A-4D25-B7BE-7DF01A4E54F1}.Debug|Any CPU.ActiveCfg = Debug|Any CPU
		{DDC40541-2A4A-4D25-B7BE-7DF01A4E54F1}.Debug|Any CPU.Build.0 = Debug|Any CPU
		{DDC40541-2A4A-4D25-B7BE-7DF01A4E54F1}.Release|Any CPU.ActiveCfg = Release|Any CPU
		{DDC40541-2A4A-4D25-B7BE-7DF01A4E54F1}.Release|Any CPU.Build.0 = Release|Any CPU
		{D8EB5916-79B5-461C-9059-47249E7763E9}.Debug|Any CPU.ActiveCfg = Debug|Any CPU
		{D8EB5916-79B5-461C-9059-47249E7763E9}.Debug|Any CPU.Build.0 = Debug|Any CPU
		{D8EB5916-79B5-461C-9059-47249E7763E9}.Release|Any CPU.ActiveCfg = Release|Any CPU
		{D8EB5916-79B5-461C-9059-47249E7763E9}.Release|Any CPU.Build.0 = Release|Any CPU
		{C4CA08F7-531A-413D-832A-370FADA776D3}.Debug|Any CPU.ActiveCfg = Debug|Any CPU
		{C4CA08F7-531A-413D-832A-370FADA776D3}.Debug|Any CPU.Build.0 = Debug|Any CPU
		{C4CA08F7-531A-413D-832A-370FADA776D3}.Release|Any CPU.ActiveCfg = Release|Any CPU
		{C4CA08F7-531A-413D-832A-370FADA776D3}.Release|Any CPU.Build.0 = Release|Any CPU
		{5824A197-A6ED-44BD-9540-0BB2C1323F1D}.Debug|Any CPU.ActiveCfg = Debug|Any CPU
		{5824A197-A6ED-44BD-9540-0BB2C1323F1D}.Debug|Any CPU.Build.0 = Debug|Any CPU
		{5824A197-A6ED-44BD-9540-0BB2C1323F1D}.Release|Any CPU.ActiveCfg = Release|Any CPU
		{5824A197-A6ED-44BD-9540-0BB2C1323F1D}.Release|Any CPU.Build.0 = Release|Any CPU
		{BB7EBDAE-0A78-454C-8BC6-0F60CA639D84}.Debug|Any CPU.ActiveCfg = Debug|Any CPU
		{BB7EBDAE-0A78-454C-8BC6-0F60CA639D84}.Debug|Any CPU.Build.0 = Debug|Any CPU
		{BB7EBDAE-0A78-454C-8BC6-0F60CA639D84}.Release|Any CPU.ActiveCfg = Release|Any CPU
		{BB7EBDAE-0A78-454C-8BC6-0F60CA639D84}.Release|Any CPU.Build.0 = Release|Any CPU
		{2A62754B-AB19-4EAD-940D-90E22B135AFF}.Debug|Any CPU.ActiveCfg = Debug|Any CPU
		{2A62754B-AB19-4EAD-940D-90E22B135AFF}.Debug|Any CPU.Build.0 = Debug|Any CPU
		{2A62754B-AB19-4EAD-940D-90E22B135AFF}.Release|Any CPU.ActiveCfg = Release|Any CPU
		{2A62754B-AB19-4EAD-940D-90E22B135AFF}.Release|Any CPU.Build.0 = Release|Any CPU
		{973B9E66-A32D-4096-B32A-53BA2FD6199F}.Debug|Any CPU.ActiveCfg = Debug|Any CPU
		{973B9E66-A32D-4096-B32A-53BA2FD6199F}.Debug|Any CPU.Build.0 = Debug|Any CPU
		{973B9E66-A32D-4096-B32A-53BA2FD6199F}.Release|Any CPU.ActiveCfg = Release|Any CPU
		{973B9E66-A32D-4096-B32A-53BA2FD6199F}.Release|Any CPU.Build.0 = Release|Any CPU
		{ECD213D5-E6EF-4B2E-98D7-C7861A143B40}.Debug|Any CPU.ActiveCfg = Debug|Any CPU
		{ECD213D5-E6EF-4B2E-98D7-C7861A143B40}.Debug|Any CPU.Build.0 = Debug|Any CPU
		{ECD213D5-E6EF-4B2E-98D7-C7861A143B40}.Release|Any CPU.ActiveCfg = Release|Any CPU
		{ECD213D5-E6EF-4B2E-98D7-C7861A143B40}.Release|Any CPU.Build.0 = Release|Any CPU
	EndGlobalSection
	GlobalSection(SolutionProperties) = preSolution
		HideSolutionNode = FALSE
	EndGlobalSection
	GlobalSection(NestedProjects) = preSolution
		{B973B434-FD06-4B4F-A33A-C456B29BB1FD} = {70A485A1-FDE8-493C-9455-6AA18B8FCB36}
		{DDC40541-2A4A-4D25-B7BE-7DF01A4E54F1} = {BBE57213-F597-4190-B0D9-7B3785A1CD1E}
		{D8EB5916-79B5-461C-9059-47249E7763E9} = {E7E97CAC-0581-4E45-8208-EB3697E59556}
		{C4CA08F7-531A-413D-832A-370FADA776D3} = {70A485A1-FDE8-493C-9455-6AA18B8FCB36}
		{5824A197-A6ED-44BD-9540-0BB2C1323F1D} = {70A485A1-FDE8-493C-9455-6AA18B8FCB36}
		{BB7EBDAE-0A78-454C-8BC6-0F60CA639D84} = {9A8FDC89-80B9-499F-897C-B6202622EC55}
		{70A485A1-FDE8-493C-9455-6AA18B8FCB36} = {DA85436B-9010-4957-ACEC-ADC69374D4BB}
		{9A8FDC89-80B9-499F-897C-B6202622EC55} = {7228BAB4-5DDD-4702-90C0-12FA4AE46500}
		{2A62754B-AB19-4EAD-940D-90E22B135AFF} = {9A8FDC89-80B9-499F-897C-B6202622EC55}
		{BBE57213-F597-4190-B0D9-7B3785A1CD1E} = {7228BAB4-5DDD-4702-90C0-12FA4AE46500}
		{E7E97CAC-0581-4E45-8208-EB3697E59556} = {E8022DEE-210C-418E-9217-E462F447326E}
		{994BB42F-481C-4CEA-96BD-B91DE9C6CB82} = {7228BAB4-5DDD-4702-90C0-12FA4AE46500}
		{973B9E66-A32D-4096-B32A-53BA2FD6199F} = {994BB42F-481C-4CEA-96BD-B91DE9C6CB82}
		{6F1649AC-7304-4040-BD93-12E1D4CC1991} = {7228BAB4-5DDD-4702-90C0-12FA4AE46500}
		{ECD213D5-E6EF-4B2E-98D7-C7861A143B40} = {6F1649AC-7304-4040-BD93-12E1D4CC1991}
	EndGlobalSection
	GlobalSection(ExtensibilityGlobals) = postSolution
		SolutionGuid = {00B2D8FC-6A90-46CE-AE1F-0695301ECE67}
	EndGlobalSection
EndGlobal
